PODS:
  - Alamofire (3.1.3)
  - HanekeSwift (0.10.0)
  - JLToast (1.3.3)
  - NYTPhotoViewer (0.1.2)
  - p2.OAuth2 (2.1):
    - SwiftKeychain (~> 0.1.5)
  - ReachabilitySwift (2.3.3)
  - SwiftKeychain (0.1.5)
  - SwiftyJSON (2.3.2)

DEPENDENCIES:
  - Alamofire (~> 3.0)
  - HanekeSwift
  - JLToast
  - NYTPhotoViewer
  - p2.OAuth2
  - ReachabilitySwift (from `https://github.com/ashleymills/Reachability.swift`)
  - SwiftyJSON

EXTERNAL SOURCES:
  ReachabilitySwift:
    :git: https://github.com/ashleymills/Reachability.swift

CHECKOUT OPTIONS:
  ReachabilitySwift:
    :commit: 217ba79579efbfebd66691666b782ecd04fe5f5b
    :git: https://github.com/ashleymills/Reachability.swift

SPEC CHECKSUMS:
  Alamofire: 9f93b56389e48def9220dd57d1f44b1927229a5a
  HanekeSwift: d6f5bdf9dbdbbc09d59623b2c1d533e46463dd4d
  JLToast: cf55554079dcbee2c97df68c8cac847ea31109d6
  NYTPhotoViewer: 874a57dd833238b52ab2e8d1c827356c763626c3
  p2.OAuth2: 78da70ba63515176a4f5273fad960f36bbeac6d9
  ReachabilitySwift: e0f6b6f280effb47731acfaaa2d5ffe223703793
  SwiftKeychain: 1387edad8b56c659daa93d9ffc99526bac5b0088
  SwiftyJSON: 04ccea08915aa0109039157c7974cf0298da292a

COCOAPODS: 0.39.0
